
Microsoft Visual Studio Solution File, Format Version 12.00
Project("{FAE04EC0-301F-11D3-BF4B-00C04F79EFBC}") = "OCRLibrary", "OCRLibrary\OCRLibrary.csproj", "{0EE030C9-0846-46C1-95BE-C01CD7539E36}"
EndProject
Project("{FAE04EC0-301F-11D3-BF4B-00C04F79EFBC}") = "OCRLibrary.Tests", "OCRLibrary.Tests\OCRLibrary.Tests.csproj", "{C6FC4FBE-AC8A-4A12-9183-746A41D0EBA4}"
EndProject
Global
	GlobalSection(SolutionConfigurationPlatforms) = preSolution
		Debug|Any CPU = Debug|Any CPU
		Release|Any CPU = Release|Any CPU
	EndGlobalSection
	GlobalSection(ProjectConfigurationPlatforms) = postSolution
		{0EE030C9-0846-46C1-95BE-C01CD7539E36}.Debug|Any CPU.ActiveCfg = Debug|Any CPU
		{0EE030C9-0846-46C1-95BE-C01CD7539E36}.Debug|Any CPU.Build.0 = Debug|Any CPU
		{0EE030C9-0846-46C1-95BE-C01CD7539E36}.Release|Any CPU.ActiveCfg = Release|Any CPU
		{0EE030C9-0846-46C1-95BE-C01CD7539E36}.Release|Any CPU.Build.0 = Release|Any CPU
		{C6FC4FBE-AC8A-4A12-9183-746A41D0EBA4}.Debug|Any CPU.ActiveCfg = Debug|Any CPU
		{C6FC4FBE-AC8A-4A12-9183-746A41D0EBA4}.Debug|Any CPU.Build.0 = Debug|Any CPU
		{C6FC4FBE-AC8A-4A12-9183-746A41D0EBA4}.Release|Any CPU.ActiveCfg = Release|Any CPU
		{C6FC4FBE-AC8A-4A12-9183-746A41D0EBA4}.Release|Any CPU.Build.0 = Release|Any CPU
	EndGlobalSection
EndGlobal
